// !$*UTF8*$!
{
	archiveVersion = 1;
	classes = {
	};
	objectVersion = 56;
	objects = {

/* Begin PBXBuildFile section */
		8458F1732FC31F0E006BF2AD /* RestaurantViewerApp.swift in Sources */ = {isa = PBXBuildFile; fileRef = 8458F1722FC31F0E006BF2AD /* RestaurantViewerApp.swift */; };
		8458F1772FC31F10006BF2AD /* Assets.xcassets in Resources */ = {isa = PBXBuildFile; fileRef = 8458F1762FC31F10006BF2AD /* Assets.xcassets */; };
		8458F17A2FC31F10006BF2AD /* Preview Assets.xcassets in Resources */ = {isa = PBXBuildFile; fileRef = 8458F1792FC31F10006BF2AD /* Preview Assets.xcassets */; };
		84B8F6CB2FC3208400E5938B /* Restaurant.swift in Sources */ = {isa = PBXBuildFile; fileRef = 84B8F6CA2FC3208400E5938B /* Restaurant.swift */; };
		84B8F6CD2FC3210600E5938B /* YelpSearchResponse.swift in Sources */ = {isa = PBXBuildFile; fileRef = 84B8F6CC2FC3210600E5938B /* YelpSearchResponse.swift */; };
		84B8F6D02FC322E300E5938B /* YelpAPI.swift in Sources */ = {isa = PBXBuildFile; fileRef = 84B8F6CF2FC322E300E5938B /* YelpAPI.swift */; };
		84B8F6D22FC3267300E5938B /* APIConfig.swift in Sources */ = {isa = PBXBuildFile; fileRef = 84B8F6D12FC3267300E5938B /* APIConfig.swift */; };
		84B8F6D42FC3290B00E5938B /* LocationMananger.swift in Sources */ = {isa = PBXBuildFile; fileRef = 84B8F6D32FC3290B00E5938B /* LocationMananger.swift */; };
		84B8F6D72FC32A2E00E5938B /* RestaurantViewModel.swift in Sources */ = {isa = PBXBuildFile; fileRef = 84B8F6D62FC32A2E00E5938B /* RestaurantViewModel.swift */; };
		84B8F6DA2FC3360100E5938B /* RestaurantCardView.swift in Sources */ = {isa = PBXBuildFile; fileRef = 84B8F6D92FC3360100E5938B /* RestaurantCardView.swift */; };
		84B8F6DC2FC3389E00E5938B /* RestaurantCardsView.swift in Sources */ = {isa = PBXBuildFile; fileRef = 84B8F6DB2FC3389E00E5938B /* RestaurantCardsView.swift */; };
/* End PBXBuildFile section */

/* Begin PBXFileReference section */
		84412AF22FC33F0B006F6160 /* Info.plist */ = {isa = PBXFileReference; lastKnownFileType = text.plist; path = Info.plist; sourceTree = "<group>"; };
		8458F16F2FC31F0E006BF2AD /* RestaurantViewer.app */ = {isa = PBXFileReference; explicitFileType = wrapper.application; includeInIndex = 0; path = RestaurantViewer.app; sourceTree = BUILT_PRODUCTS_DIR; };
		8458F1722FC31F0E006BF2AD /* RestaurantViewerApp.swift */ = {isa = PBXFileReference; lastKnownFileType = sourcecode.swift; path = RestaurantViewerApp.swift; sourceTree = "<group>"; };
		8458F1762FC31F10006BF2AD /* Assets.xcassets */ = {isa = PBXFileReference; lastKnownFileType = folder.assetcatalog; path = Assets.xcassets; sourceTree = "<group>"; };
		8458F1792FC31F10006BF2AD /* Preview Assets.xcassets */ = {isa = PBXFileReference; lastKnownFileType = folder.assetcatalog; path = "Preview Assets.xcassets"; sourceTree = "<group>"; };
		84B8F6CA2FC3208400E5938B /* Restaurant.swift */ = {isa = PBXFileReference; lastKnownFileType = sourcecode.swift; path = Restaurant.swift; sourceTree = "<group>"; };
		84B8F6CC2FC3210600E5938B /* YelpSearchResponse.swift */ = {isa = PBXFileReference; lastKnownFileType = sourcecode.swift; path = YelpSearchResponse.swift; sourceTree = "<group>"; };
		84B8F6CF2FC322E300E5938B /* YelpAPI.swift */ = {isa = PBXFileReference; lastKnownFileType = sourcecode.swift; path = YelpAPI.swift; sourceTree = "<group>"; };
		84B8F6D12FC3267300E5938B /* APIConfig.swift */ = {isa = PBXFileReference; lastKnownFileType = sourcecode.swift; path = APIConfig.swift; sourceTree = "<group>"; };
		84B8F6D32FC3290B00E5938B /* LocationMananger.swift */ = {isa = PBXFileReference; lastKnownFileType = sourcecode.swift; path = LocationMananger.swift; sourceTree = "<group>"; };
		84B8F6D62FC32A2E00E5938B /* RestaurantViewModel.swift */ = {isa = PBXFileReference; lastKnownFileType = sourcecode.swift; path = RestaurantViewModel.swift; sourceTree = "<group>"; };
		84B8F6D92FC3360100E5938B /* RestaurantCardView.swift */ = {isa = PBXFileReference; lastKnownFileType = sourcecode.swift; path = RestaurantCardView.swift; sourceTree = "<group>"; };
		84B8F6DB2FC3389E00E5938B /* RestaurantCardsView.swift */ = {isa = PBXFileReference; lastKnownFileType = sourcecode.swift; path = RestaurantCardsView.swift; sourceTree = "<group>"; };
/* End PBXFileReference section */

/* Begin PBXFrameworksBuildPhase section */
		8458F16C2FC31F0E006BF2AD /* Frameworks */ = {
			isa = PBXFrameworksBuildPhase;
			buildActionMask = 2147483647;
			files = (
			);
			runOnlyForDeploymentPostprocessing = 0;
		};
/* End PBXFrameworksBuildPhase section */

/* Begin PBXGroup section */
		8458F1662FC31F0E006BF2AD = {
			isa = PBXGroup;
			children = (
				8458F1712FC31F0E006BF2AD /* RestaurantViewer */,
				8458F1702FC31F0E006BF2AD /* Products */,
			);
			sourceTree = "<group>";
		};
		8458F1702FC31F0E006BF2AD /* Products */ = {
			isa = PBXGroup;
			children = (
				8458F16F2FC31F0E006BF2AD /* RestaurantViewer.app */,
			);
			name = Products;
			sourceTree = "<group>";
		};
		8458F1712FC31F0E006BF2AD /* RestaurantViewer */ = {
			isa = PBXGroup;
			children = (
				84412AF22FC33F0B006F6160 /* Info.plist */,
				84B8F6C92FC3206000E5938B /* Models */,
				84B8F6CE2FC322B600E5938B /* Services */,
				84B8F6D82FC335EC00E5938B /* Views */,
				84B8F6D52FC32A1300E5938B /* ViewModels */,
				8458F1722FC31F0E006BF2AD /* RestaurantViewerApp.swift */,
				8458F1762FC31F10006BF2AD /* Assets.xcassets */,
				8458F1782FC31F10006BF2AD /* Preview Content */,
			);
			path = RestaurantViewer;
			sourceTree = "<group>";
		};
		8458F1782FC31F10006BF2AD /* Preview Content */ = {
			isa = PBXGroup;
			children = (
				8458F1792FC31F10006BF2AD /* Preview Assets.xcassets */,
			);
			path = "Preview Content";
			sourceTree = "<group>";
		};
		84B8F6C92FC3206000E5938B /* Models */ = {
			isa = PBXGroup;
			children = (
				84B8F6CA2FC3208400E5938B /* Restaurant.swift */,
				84B8F6CC2FC3210600E5938B /* YelpSearchResponse.swift */,
			);
			path = Models;
			sourceTree = "<group>";
		};
		84B8F6CE2FC322B600E5938B /* Services */ = {
			isa = PBXGroup;
			children = (
				84B8F6CF2FC322E300E5938B /* YelpAPI.swift */,
				84B8F6D12FC3267300E5938B /* APIConfig.swift */,
				84B8F6D32FC3290B00E5938B /* LocationMananger.swift */,
			);
			path = Services;
			sourceTree = "<group>";
		};
		84B8F6D52FC32A1300E5938B /* ViewModels */ = {
			isa = PBXGroup;
			children = (
				84B8F6D62FC32A2E00E5938B /* RestaurantViewModel.swift */,
			);
			path = ViewModels;
			sourceTree = "<group>";
		};
		84B8F6D82FC335EC00E5938B /* Views */ = {
			isa = PBXGroup;
			children = (
				84B8F6D92FC3360100E5938B /* RestaurantCardView.swift */,
				84B8F6DB2FC3389E00E5938B /* RestaurantCardsView.swift */,
			);
			path = Views;
			sourceTree = "<group>";
		};
/* End PBXGroup section */

/* Begin PBXNativeTarget section */
		8458F16E2FC31F0E006BF2AD /* RestaurantViewer */ = {
			isa = PBXNativeTarget;
			buildConfigurationList = 8458F17D2FC31F10006BF2AD /* Build configuration list for PBXNativeTarget "RestaurantViewer" */;
			buildPhases = (
				8458F16B2FC31F0E006BF2AD /* Sources */,
				8458F16C2FC31F0E006BF2AD /* Frameworks */,
				8458F16D2FC31F0E006BF2AD /* Resources */,
			);
			buildRules = (
			);
			dependencies = (
			);
			name = RestaurantViewer;
			productName = RestaurantViewer;
			productReference = 8458F16F2FC31F0E006BF2AD /* RestaurantViewer.app */;
			productType = "com.apple.product-type.application";
		};
/* End PBXNativeTarget section */

/* Begin PBXProject section */
		8458F1672FC31F0E006BF2AD /* Project object */ = {
			isa = PBXProject;
			attributes = {
				BuildIndependentTargetsInParallel = 1;
				LastSwiftUpdateCheck = 1420;
				LastUpgradeCheck = 1420;
				TargetAttributes = {
					8458F16E2FC31F0E006BF2AD = {
						CreatedOnToolsVersion = 14.2;
					};
				};
			};
			buildConfigurationList = 8458F16A2FC31F0E006BF2AD /* Build configuration list for PBXProject "RestaurantViewer" */;
			compatibilityVersion = "Xcode 14.0";
			developmentRegion = en;
			hasScannedForEncodings = 0;
			knownRegions = (
				en,
				Base,
			);
			mainGroup = 8458F1662FC31F0E006BF2AD;
			productRefGroup = 8458F1702FC31F0E006BF2AD /* Products */;
			projectDirPath = "";
			projectRoot = "";
			targets = (
				8458F16E2FC31F0E006BF2AD /* RestaurantViewer */,
			);
		};
/* End PBXProject section */

/* Begin PBXResourcesBuildPhase section */
		8458F16D2FC31F0E006BF2AD /* Resources */ = {
			isa = PBXResourcesBuildPhase;
			buildActionMask = 2147483647;
			files = (
				8458F17A2FC31F10006BF2AD /* Preview Assets.xcassets in Resources */,
				8458F1772FC31F10006BF2AD /* Assets.xcassets in Resources */,
			);
			runOnlyForDeploymentPostprocessing = 0;
		};
/* End PBXResourcesBuildPhase section */

/* Begin PBXSourcesBuildPhase section */
		8458F16B2FC31F0E006BF2AD /* Sources */ = {
			isa = PBXSourcesBuildPhase;
			buildActionMask = 2147483647;
			files = (
				84B8F6D42FC3290B00E5938B /* LocationMananger.swift in Sources */,
				84B8F6D72FC32A2E00E5938B /* RestaurantViewModel.swift in Sources */,
				84B8F6DA2FC3360100E5938B /* RestaurantCardView.swift in Sources */,
				8458F1732FC31F0E006BF2AD /* RestaurantViewerApp.swift in Sources */,
				84B8F6CD2FC3210600E5938B /* YelpSearchResponse.swift in Sources */,
				84B8F6CB2FC3208400E5938B /* Restaurant.swift in Sources */,
				84B8F6DC2FC3389E00E5938B /* RestaurantCardsView.swift in Sources */,
				84B8F6D02FC322E300E5938B /* YelpAPI.swift in Sources */,
				84B8F6D22FC3267300E5938B /* APIConfig.swift in Sources */,
			);
			runOnlyForDeploymentPostprocessing = 0;
		};
/* End PBXSourcesBuildPhase section */

/* Begin XCBuildConfiguration section */
		8458F17B2FC31F10006BF2AD /* Debug */ = {
			isa = XCBuildConfiguration;
			buildSettings = {
				ALWAYS_SEARCH_USER_PATHS = NO;
				CLANG_ANALYZER_NONNULL = YES;
				CLANG_ANALYZER_NUMBER_OBJECT_CONVERSION = YES_AGGRESSIVE;
				CLANG_CXX_LANGUAGE_STANDARD = "gnu++20";
				CLANG_ENABLE_MODULES = YES;
				CLANG_ENABLE_OBJC_ARC = YES;
				CLANG_ENABLE_OBJC_WEAK = YES;
				CLANG_WARN_BLOCK_CAPTURE_AUTORELEASING = YES;
				CLANG_WARN_BOOL_CONVERSION = YES;
				CLANG_WARN_COMMA = YES;
				CLANG_WARN_CONSTANT_CONVERSION = YES;
				CLANG_WARN_DEPRECATED_OBJC_IMPLEMENTATIONS = YES;
				CLANG_WARN_DIRECT_OBJC_ISA_USAGE = YES_ERROR;
				CLANG_WARN_DOCUMENTATION_COMMENTS = YES;
				CLANG_WARN_EMPTY_BODY = YES;
				CLANG_WARN_ENUM_CONVERSION = YES;
				CLANG_WARN_INFINITE_RECURSION = YES;
				CLANG_WARN_INT_CONVERSION = YES;
				CLANG_WARN_NON_LITERAL_NULL_CONVERSION = YES;
				CLANG_WARN_OBJC_IMPLICIT_RETAIN_SELF = YES;
				CLANG_WARN_OBJC_LITERAL_CONVERSION = YES;
				CLANG_WARN_OBJC_ROOT_CLASS = YES_ERROR;
				CLANG_WARN_QUOTED_INCLUDE_IN_FRAMEWORK_HEADER = YES;
				CLANG_WARN_RANGE_LOOP_ANALYSIS = YES;
				CLANG_WARN_STRICT_PROTOTYPES = YES;
				CLANG_WARN_SUSPICIOUS_MOVE = YES;
				CLANG_WARN_UNGUARDED_AVAILABILITY = YES_AGGRESSIVE;
				CLANG_WARN_UNREACHABLE_CODE = YES;
				CLANG_WARN__DUPLICATE_METHOD_MATCH = YES;
				COPY_PHASE_STRIP = NO;
				DEBUG_INFORMATION_FORMAT = dwarf;
				ENABLE_STRICT_OBJC_MSGSEND = YES;
				ENABLE_TESTABILITY = YES;
				GCC_C_LANGUAGE_STANDARD = gnu11;
				GCC_DYNAMIC_NO_PIC = NO;
				GCC_NO_COMMON_BLOCKS = YES;
				GCC_OPTIMIZATION_LEVEL = 0;
				GCC_PREPROCESSOR_DEFINITIONS = (
					"DEBUG=1",
					"$(inherited)",
				);
				GCC_WARN_64_TO_32_BIT_CONVERSION = YES;
				GCC_WARN_ABOUT_RETURN_TYPE = YES_ERROR;
				GCC_WARN_UNDECLARED_SELECTOR = YES;
				GCC_WARN_UNINITIALIZED_AUTOS = YES_AGGRESSIVE;
				GCC_WARN_UNUSED_FUNCTION = YES;
				GCC_WARN_UNUSED_VARIABLE = YES;
				IPHONEOS_DEPLOYMENT_TARGET = 16.2;
				MTL_ENABLE_DEBUG_INFO = INCLUDE_SOURCE;
				MTL_FAST_MATH = YES;
				ONLY_ACTIVE_ARCH = YES;
				SDKROOT = iphoneos;
				SWIFT_ACTIVE_COMPILATION_CONDITIONS = DEBUG;
				SWIFT_OPTIMIZATION_LEVEL = "-Onone";
			};
			name = Debug;
		};
		8458F17C2FC31F10006BF2AD /* Release */ = {
			isa = XCBuildConfiguration;
			buildSettings = {
				ALWAYS_SEARCH_USER_PATHS = NO;
				CLANG_ANALYZER_NONNULL = YES;
				CLANG_ANALYZER_NUMBER_OBJECT_CONVERSION = YES_AGGRESSIVE;
				CLANG_CXX_LANGUAGE_STANDARD = "gnu++20";
				CLANG_ENABLE_MODULES = YES;
				CLANG_ENABLE_OBJC_ARC = YES;
				CLANG_ENABLE_OBJC_WEAK = YES;
				CLANG_WARN_BLOCK_CAPTURE_AUTORELEASING = YES;
				CLANG_WARN_BOOL_CONVERSION = YES;
				CLANG_WARN_COMMA = YES;
				CLANG_WARN_CONSTANT_CONVERSION = YES;
				CLANG_WARN_DEPRECATED_OBJC_IMPLEMENTATIONS = YES;
				CLANG_WARN_DIRECT_OBJC_ISA_USAGE = YES_ERROR;
				CLANG_WARN_DOCUMENTATION_COMMENTS = YES;
				CLANG_WARN_EMPTY_BODY = YES;
				CLANG_WARN_ENUM_CONVERSION = YES;
				CLANG_WARN_INFINITE_RECURSION = YES;
				CLANG_WARN_INT_CONVERSION = YES;
				CLANG_WARN_NON_LITERAL_NULL_CONVERSION = YES;
				CLANG_WARN_OBJC_IMPLICIT_RETAIN_SELF = YES;
				CLANG_WARN_OBJC_LITERAL_CONVERSION = YES;
				CLANG_WARN_OBJC_ROOT_CLASS = YES_ERROR;
				CLANG_WARN_QUOTED_INCLUDE_IN_FRAMEWORK_HEADER = YES;
				CLANG_WARN_RANGE_LOOP_ANALYSIS = YES;
				CLANG_WARN_STRICT_PROTOTYPES = YES;
				CLANG_WARN_SUSPICIOUS_MOVE = YES;
				CLANG_WARN_UNGUARDED_AVAILABILITY = YES_AGGRESSIVE;
				CLANG_WARN_UNREACHABLE_CODE = YES;
				CLANG_WARN__DUPLICATE_METHOD_MATCH = YES;
				COPY_PHASE_STRIP = NO;
				DEBUG_INFORMATION_FORMAT = "dwarf-with-dsym";
				ENABLE_NS_ASSERTIONS = NO;
				ENABLE_STRICT_OBJC_MSGSEND = YES;
				GCC_C_LANGUAGE_STANDARD = gnu11;
				GCC_NO_COMMON_BLOCKS = YES;
				GCC_WARN_64_TO_32_BIT_CONVERSION = YES;
				GCC_WARN_ABOUT_RETURN_TYPE = YES_ERROR;
				GCC_WARN_UNDECLARED_SELECTOR = YES;
				GCC_WARN_UNINITIALIZED_AUTOS = YES_AGGRESSIVE;
				GCC_WARN_UNUSED_FUNCTION = YES;
				GCC_WARN_UNUSED_VARIABLE = YES;
				IPHONEOS_DEPLOYMENT_TARGET = 16.2;
				MTL_ENABLE_DEBUG_INFO = NO;
				MTL_FAST_MATH = YES;
				SDKROOT = iphoneos;
				SWIFT_COMPILATION_MODE = wholemodule;
				SWIFT_OPTIMIZATION_LEVEL = "-O";
				VALIDATE_PRODUCT = YES;
			};
			name = Release;
		};
		8458F17E2FC31F10006BF2AD /* Debug */ = {
			isa = XCBuildConfiguration;
			buildSettings = {
				ASSETCATALOG_COMPILER_APPICON_NAME = AppIcon;
				ASSETCATALOG_COMPILER_GLOBAL_ACCENT_COLOR_NAME = AccentColor;
				CODE_SIGN_STYLE = Automatic;
				CURRENT_PROJECT_VERSION = 1;
				DEVELOPMENT_ASSET_PATHS = "\"RestaurantViewer/Preview Content\"";
				DEVELOPMENT_TEAM = HG22Y54574;
				ENABLE_PREVIEWS = YES;
				GENERATE_INFOPLIST_FILE = YES;
				INFOPLIST_FILE = RestaurantViewer/Info.plist;
				INFOPLIST_KEY_NSLocationAlwaysAndWhenInUseUsageDescription = "\"We use your location to show you restaurants near you\"";
				INFOPLIST_KEY_NSLocationWhenInUseUsageDescription = "\"We use your location to show you restaurants near you\"";
				INFOPLIST_KEY_UIApplicationSceneManifest_Generation = YES;
				INFOPLIST_KEY_UIApplicationSupportsIndirectInputEvents = YES;
				INFOPLIST_KEY_UILaunchScreen_Generation = YES;
				INFOPLIST_KEY_UISupportedInterfaceOrientations_iPad = "UIInterfaceOrientationPortrait UIInterfaceOrientationPortraitUpsideDown UIInterfaceOrientationLandscapeLeft UIInterfaceOrientationLandscapeRight";
				INFOPLIST_KEY_UISupportedInterfaceOrientations_iPhone = "UIInterfaceOrientationPortrait UIInterfaceOrientationLandscapeLeft UIInterfaceOrientationLandscapeRight";
				LD_RUNPATH_SEARCH_PATHS = (
					"$(inherited)",
					"@executable_path/Frameworks",
				);
				MARKETING_VERSION = 1.0;
				PRODUCT_BUNDLE_IDENTIFIER = AnnaSozontova.RestaurantViewer;
				PRODUCT_NAME = "$(TARGET_NAME)";
				SWIFT_EMIT_LOC_STRINGS = YES;
				SWIFT_VERSION = 5.0;
				TARGETED_DEVICE_FAMILY = "1,2";
			};
			name = Debug;
		};
		8458F17F2FC31F10006BF2AD /* Release */ = {
			isa = XCBuildConfiguration;
			buildSettings = {
				ASSETCATALOG_COMPILER_APPICON_NAME = AppIcon;
				ASSETCATALOG_COMPILER_GLOBAL_ACCENT_COLOR_NAME = AccentColor;
				CODE_SIGN_STYLE = Automatic;
				CURRENT_PROJECT_VERSION = 1;
				DEVELOPMENT_ASSET_PATHS = "\"RestaurantViewer/Preview Content\"";
				DEVELOPMENT_TEAM = HG22Y54574;
				ENABLE_PREVIEWS = YES;
				GENERATE_INFOPLIST_FILE = YES;
				INFOPLIST_FILE = RestaurantViewer/Info.plist;
				INFOPLIST_KEY_NSLocationAlwaysAndWhenInUseUsageDescription = "\"We use your location to show you restaurants near you\"";
				INFOPLIST_KEY_NSLocationWhenInUseUsageDescription = "\"We use your location to show you restaurants near you\"";
				INFOPLIST_KEY_UIApplicationSceneManifest_Generation = YES;
				INFOPLIST_KEY_UIApplicationSupportsIndirectInputEvents = YES;
				INFOPLIST_KEY_UILaunchScreen_Generation = YES;
				INFOPLIST_KEY_UISupportedInterfaceOrientations_iPad = "UIInterfaceOrientationPortrait UIInterfaceOrientationPortraitUpsideDown UIInterfaceOrientationLandscapeLeft UIInterfaceOrientationLandscapeRight";
				INFOPLIST_KEY_UISupportedInterfaceOrientations_iPhone = "UIInterfaceOrientationPortrait UIInterfaceOrientationLandscapeLeft UIInterfaceOrientationLandscapeRight";
				LD_RUNPATH_SEARCH_PATHS = (
					"$(inherited)",
					"@executable_path/Frameworks",
				);
				MARKETING_VERSION = 1.0;
				PRODUCT_BUNDLE_IDENTIFIER = AnnaSozontova.RestaurantViewer;
				PRODUCT_NAME = "$(TARGET_NAME)";
				SWIFT_EMIT_LOC_STRINGS = YES;
				SWIFT_VERSION = 5.0;
				TARGETED_DEVICE_FAMILY = "1,2";
			};
			name = Release;
		};
/* End XCBuildConfiguration section */

/* Begin XCConfigurationList section */
		8458F16A2FC31F0E006BF2AD /* Build configuration list for PBXProject "RestaurantViewer" */ = {
			isa = XCConfigurationList;
			buildConfigurations = (
				8458F17B2FC31F10006BF2AD /* Debug */,
				8458F17C2FC31F10006BF2AD /* Release */,
			);
			defaultConfigurationIsVisible = 0;
			defaultConfigurationName = Release;
		};
		8458F17D2FC31F10006BF2AD /* Build configuration list for PBXNativeTarget "RestaurantViewer" */ = {
			isa = XCConfigurationList;
			buildConfigurations = (
				8458F17E2FC31F10006BF2AD /* Debug */,
				8458F17F2FC31F10006BF2AD /* Release */,
			);
			defaultConfigurationIsVisible = 0;
			defaultConfigurationName = Release;
		};
/* End XCConfigurationList section */
	};
	rootObject = 8458F1672FC31F0E006BF2AD /* Project object */;
}
